PODS:
  - InputBarAccessoryView (4.2.2)
  - MessageKit (3.0.0):
    - InputBarAccessoryView (~> 4.2.2)

DEPENDENCIES:
  - MessageKit

SPEC REPOS:
  trunk:
    - InputBarAccessoryView
    - MessageKit

SPEC CHECKSUMS:
  InputBarAccessoryView: 2b937602598e2fab3149f37f51dd7ad795653812
  MessageKit: e892a9ca49ebe6d82684d3a93ad84021fa23e2c6

PODFILE CHECKSUM: cb8a55b797e5116cd57f9e574fed074944d4ad76

COCOAPODS: 1.9.1
