// !$*UTF8*$!
{
	archiveVersion = 1;
	classes = {
	};
	objectVersion = 51;
	objects = {

/* Begin PBXBuildFile section */
		5F058F4E243C2847000CEA5B /* EarthquakeDuringActionList.swift in Sources */ = {isa = PBXBuildFile; fileRef = 5F058F4D243C2847000CEA5B /* EarthquakeDuringActionList.swift */; };
		5F058F50243C3239000CEA5B /* EarthquakeAfterList.swift in Sources */ = {isa = PBXBuildFile; fileRef = 5F058F4F243C3239000CEA5B /* EarthquakeAfterList.swift */; };
		5F058F52243C3731000CEA5B /* EarthquakeBeforeList.swift in Sources */ = {isa = PBXBuildFile; fileRef = 5F058F51243C3731000CEA5B /* EarthquakeBeforeList.swift */; };
		5F058F54243C38D8000CEA5B /* EarthquakeMain.swift in Sources */ = {isa = PBXBuildFile; fileRef = 5F058F53243C38D8000CEA5B /* EarthquakeMain.swift */; };
		5FC7548C243A6DE900647C31 /* LICENSE.txt in Resources */ = {isa = PBXBuildFile; fileRef = 5FC7548B243A6DE900647C31 /* LICENSE.txt */; };
		5FC75490243A6F1000647C31 /* EmergUIDetail.swift in Sources */ = {isa = PBXBuildFile; fileRef = 5FC7548E243A6F1000647C31 /* EmergUIDetail.swift */; };
		5FC75494243A70B400647C31 /* QuakeImage.swift in Sources */ = {isa = PBXBuildFile; fileRef = 5FC75492243A70B400647C31 /* QuakeImage.swift */; };
		5FC75495243A70B400647C31 /* MapView.swift in Sources */ = {isa = PBXBuildFile; fileRef = 5FC75493243A70B400647C31 /* MapView.swift */; };
		5FC75497243A716400647C31 /* EmergencyRow.swift in Sources */ = {isa = PBXBuildFile; fileRef = 5FC75496243A716400647C31 /* EmergencyRow.swift */; };
		5FC754A6243A723F00647C31 /* quakeBanner.jpg in Resources */ = {isa = PBXBuildFile; fileRef = 5FC75499243A723F00647C31 /* quakeBanner.jpg */; };
		5FC754A7243A723F00647C31 /* earthquakeGraphic.jpg in Resources */ = {isa = PBXBuildFile; fileRef = 5FC7549A243A723F00647C31 /* earthquakeGraphic.jpg */; };
		5FC754A8243A723F00647C31 /* download.jpg in Resources */ = {isa = PBXBuildFile; fileRef = 5FC7549B243A723F00647C31 /* download.jpg */; };
		5FC754A9243A723F00647C31 /* mammamia.jpeg in Resources */ = {isa = PBXBuildFile; fileRef = 5FC7549C243A723F00647C31 /* mammamia.jpeg */; };
		5FC754AA243A723F00647C31 /* EastVan.jpeg in Resources */ = {isa = PBXBuildFile; fileRef = 5FC7549D243A723F00647C31 /* EastVan.jpeg */; };
		5FC754AB243A723F00647C31 /* earthquakeIcon.png in Resources */ = {isa = PBXBuildFile; fileRef = 5FC7549E243A723F00647C31 /* earthquakeIcon.png */; };
		5FC754AC243A723F00647C31 /* wildfire.jpg in Resources */ = {isa = PBXBuildFile; fileRef = 5FC7549F243A723F00647C31 /* wildfire.jpg */; };
		5FC754AD243A723F00647C31 /* unnamed.png in Resources */ = {isa = PBXBuildFile; fileRef = 5FC754A0243A723F00647C31 /* unnamed.png */; };
		5FC754AE243A723F00647C31 /* covid.jpg in Resources */ = {isa = PBXBuildFile; fileRef = 5FC754A1243A723F00647C31 /* covid.jpg */; };
		5FC754AF243A723F00647C31 /* flood.jpg in Resources */ = {isa = PBXBuildFile; fileRef = 5FC754A2243A723F00647C31 /* flood.jpg */; };
		5FC754B0243A723F00647C31 /* download-1.jpg in Resources */ = {isa = PBXBuildFile; fileRef = 5FC754A3243A723F00647C31 /* download-1.jpg */; };
		5FC754B1243A723F00647C31 /* firstaidkit.jpg in Resources */ = {isa = PBXBuildFile; fileRef = 5FC754A4243A723F00647C31 /* firstaidkit.jpg */; };
		5FC754B2243A723F00647C31 /* earthquake.jpg in Resources */ = {isa = PBXBuildFile; fileRef = 5FC754A5243A723F00647C31 /* earthquake.jpg */; };
		5FC754B4243A72A600647C31 /* emergMenuData.json in Resources */ = {isa = PBXBuildFile; fileRef = 5FC754B3243A72A600647C31 /* emergMenuData.json */; };
		5FC754B8243A734500647C31 /* Data.swift in Sources */ = {isa = PBXBuildFile; fileRef = 5FC754B6243A734500647C31 /* Data.swift */; };
		5FC754B9243A734500647C31 /* Emergency.swift in Sources */ = {isa = PBXBuildFile; fileRef = 5FC754B7243A734500647C31 /* Emergency.swift */; };
		5FC754BB243A7BE000647C31 /* EmergencyList.swift in Sources */ = {isa = PBXBuildFile; fileRef = 5FC754BA243A7BE000647C31 /* EmergencyList.swift */; };
		5FC754BD243A811F00647C31 /* CircleImage.swift in Sources */ = {isa = PBXBuildFile; fileRef = 5FC754BC243A811F00647C31 /* CircleImage.swift */; };
		7F4D2C7F243AD63A00F05CBF /* TabBarController.swift in Sources */ = {isa = PBXBuildFile; fileRef = 7F4D2C7E243AD63A00F05CBF /* TabBarController.swift */; };
		7F4D2C81243ADB5600F05CBF /* ChildHostingController.swift in Sources */ = {isa = PBXBuildFile; fileRef = 7F4D2C80243ADB5600F05CBF /* ChildHostingController.swift */; };
		7F4D2C83243AE29C00F05CBF /* baseline_chat_black_18dp.png in Resources */ = {isa = PBXBuildFile; fileRef = 7F4D2C82243AE29C00F05CBF /* baseline_chat_black_18dp.png */; };
		5FC754BF243ACA6300647C31 /* Home.swift in Sources */ = {isa = PBXBuildFile; fileRef = 5FC754BE243ACA6300647C31 /* Home.swift */; };
		5FC754C1243AD8C700647C31 /* CategoryRow.swift in Sources */ = {isa = PBXBuildFile; fileRef = 5FC754C0243AD8C700647C31 /* CategoryRow.swift */; };
		5FC754C3243B915A00647C31 /* ActionList.swift in Sources */ = {isa = PBXBuildFile; fileRef = 5FC754C2243B915900647C31 /* ActionList.swift */; };
		5FC754C5243B926900647C31 /* ActionDetail.swift in Sources */ = {isa = PBXBuildFile; fileRef = 5FC754C4243B926900647C31 /* ActionDetail.swift */; };
		5FC754C7243B927B00647C31 /* ActionRow.swift in Sources */ = {isa = PBXBuildFile; fileRef = 5FC754C6243B927B00647C31 /* ActionRow.swift */; };
		5FC754C9243BB56300647C31 /* ActionHeaderImage.swift in Sources */ = {isa = PBXBuildFile; fileRef = 5FC754C8243BB56300647C31 /* ActionHeaderImage.swift */; };
		7F5794B6241CD0D000BCD5CE /* Chat.storyboard in Resources */ = {isa = PBXBuildFile; fileRef = 7F5794B5241CD0D000BCD5CE /* Chat.storyboard */; };
		7FCEFE18241DA6EE00011F37 /* ChatRoomViewController.swift in Sources */ = {isa = PBXBuildFile; fileRef = 7FCEFE17241DA6EE00011F37 /* ChatRoomViewController.swift */; };
		7FCEFE1A241DAECA00011F37 /* PreChatViewController.swift in Sources */ = {isa = PBXBuildFile; fileRef = 7FCEFE19241DAECA00011F37 /* PreChatViewController.swift */; };
		7FE1632C2415F9E400D1323A /* AppDelegate.swift in Sources */ = {isa = PBXBuildFile; fileRef = 7FE1632B2415F9E400D1323A /* AppDelegate.swift */; };
		7FE1632E2415F9E400D1323A /* SceneDelegate.swift in Sources */ = {isa = PBXBuildFile; fileRef = 7FE1632D2415F9E400D1323A /* SceneDelegate.swift */; };
		7FE163302415F9E400D1323A /* ViewController.swift in Sources */ = {isa = PBXBuildFile; fileRef = 7FE1632F2415F9E400D1323A /* ViewController.swift */; };
		7FE163332415F9E400D1323A /* Main.storyboard in Resources */ = {isa = PBXBuildFile; fileRef = 7FE163312415F9E400D1323A /* Main.storyboard */; };
		7FE163352415F9E500D1323A /* Assets.xcassets in Resources */ = {isa = PBXBuildFile; fileRef = 7FE163342415F9E500D1323A /* Assets.xcassets */; };
		7FE163382415F9E500D1323A /* LaunchScreen.storyboard in Resources */ = {isa = PBXBuildFile; fileRef = 7FE163362415F9E500D1323A /* LaunchScreen.storyboard */; };
		80AB99D0B8BA466623F10233 /* libPods-Beacon.a in Frameworks */ = {isa = PBXBuildFile; fileRef = CDA6F25B9AC4619E1637AC16 /* libPods-Beacon.a */; };
/* End PBXBuildFile section */

/* Begin PBXFileReference section */
		4B15D63152E6AD633BD2ABA2 /* Pods-Beacon.release.xcconfig */ = {isa = PBXFileReference; includeInIndex = 1; lastKnownFileType = text.xcconfig; name = "Pods-Beacon.release.xcconfig"; path = "Target Support Files/Pods-Beacon/Pods-Beacon.release.xcconfig"; sourceTree = "<group>"; };
		5F058F4D243C2847000CEA5B /* EarthquakeDuringActionList.swift */ = {isa = PBXFileReference; lastKnownFileType = sourcecode.swift; path = EarthquakeDuringActionList.swift; sourceTree = "<group>"; };
		5F058F4F243C3239000CEA5B /* EarthquakeAfterList.swift */ = {isa = PBXFileReference; lastKnownFileType = sourcecode.swift; path = EarthquakeAfterList.swift; sourceTree = "<group>"; };
		5F058F51243C3731000CEA5B /* EarthquakeBeforeList.swift */ = {isa = PBXFileReference; lastKnownFileType = sourcecode.swift; path = EarthquakeBeforeList.swift; sourceTree = "<group>"; };
		5F058F53243C38D8000CEA5B /* EarthquakeMain.swift */ = {isa = PBXFileReference; lastKnownFileType = sourcecode.swift; path = EarthquakeMain.swift; sourceTree = "<group>"; };
		5FC7548B243A6DE900647C31 /* LICENSE.txt */ = {isa = PBXFileReference; fileEncoding = 4; lastKnownFileType = text; path = LICENSE.txt; sourceTree = "<group>"; };
		5FC7548E243A6F1000647C31 /* EmergUIDetail.swift */ = {isa = PBXFileReference; fileEncoding = 4; lastKnownFileType = sourcecode.swift; path = EmergUIDetail.swift; sourceTree = "<group>"; };
		5FC75492243A70B400647C31 /* QuakeImage.swift */ = {isa = PBXFileReference; fileEncoding = 4; lastKnownFileType = sourcecode.swift; path = QuakeImage.swift; sourceTree = "<group>"; };
		5FC75493243A70B400647C31 /* MapView.swift */ = {isa = PBXFileReference; fileEncoding = 4; lastKnownFileType = sourcecode.swift; path = MapView.swift; sourceTree = "<group>"; };
		5FC75496243A716400647C31 /* EmergencyRow.swift */ = {isa = PBXFileReference; fileEncoding = 4; lastKnownFileType = sourcecode.swift; name = EmergencyRow.swift; path = "Supporting Views/EmergencyRow.swift"; sourceTree = "<group>"; };
		5FC75499243A723F00647C31 /* quakeBanner.jpg */ = {isa = PBXFileReference; lastKnownFileType = image.jpeg; path = quakeBanner.jpg; sourceTree = "<group>"; };
		5FC7549A243A723F00647C31 /* earthquakeGraphic.jpg */ = {isa = PBXFileReference; lastKnownFileType = image.jpeg; path = earthquakeGraphic.jpg; sourceTree = "<group>"; };
		5FC7549B243A723F00647C31 /* download.jpg */ = {isa = PBXFileReference; lastKnownFileType = image.jpeg; path = download.jpg; sourceTree = "<group>"; };
		5FC7549C243A723F00647C31 /* mammamia.jpeg */ = {isa = PBXFileReference; lastKnownFileType = image.jpeg; path = mammamia.jpeg; sourceTree = "<group>"; };
		5FC7549D243A723F00647C31 /* EastVan.jpeg */ = {isa = PBXFileReference; lastKnownFileType = image.jpeg; path = EastVan.jpeg; sourceTree = "<group>"; };
		5FC7549E243A723F00647C31 /* earthquakeIcon.png */ = {isa = PBXFileReference; lastKnownFileType = image.png; path = earthquakeIcon.png; sourceTree = "<group>"; };
		5FC7549F243A723F00647C31 /* wildfire.jpg */ = {isa = PBXFileReference; lastKnownFileType = image.jpeg; path = wildfire.jpg; sourceTree = "<group>"; };
		5FC754A0243A723F00647C31 /* unnamed.png */ = {isa = PBXFileReference; lastKnownFileType = image.png; path = unnamed.png; sourceTree = "<group>"; };
		5FC754A1243A723F00647C31 /* covid.jpg */ = {isa = PBXFileReference; lastKnownFileType = image.jpeg; path = covid.jpg; sourceTree = "<group>"; };
		5FC754A2243A723F00647C31 /* flood.jpg */ = {isa = PBXFileReference; lastKnownFileType = image.jpeg; path = flood.jpg; sourceTree = "<group>"; };
		5FC754A3243A723F00647C31 /* download-1.jpg */ = {isa = PBXFileReference; lastKnownFileType = image.jpeg; path = "download-1.jpg"; sourceTree = "<group>"; };
		5FC754A4243A723F00647C31 /* firstaidkit.jpg */ = {isa = PBXFileReference; lastKnownFileType = image.jpeg; path = firstaidkit.jpg; sourceTree = "<group>"; };
		5FC754A5243A723F00647C31 /* earthquake.jpg */ = {isa = PBXFileReference; lastKnownFileType = image.jpeg; path = earthquake.jpg; sourceTree = "<group>"; };
		5FC754B3243A72A600647C31 /* emergMenuData.json */ = {isa = PBXFileReference; fileEncoding = 4; lastKnownFileType = text.json; path = emergMenuData.json; sourceTree = "<group>"; };
		5FC754B6243A734500647C31 /* Data.swift */ = {isa = PBXFileReference; fileEncoding = 4; lastKnownFileType = sourcecode.swift; path = Data.swift; sourceTree = "<group>"; };
		5FC754B7243A734500647C31 /* Emergency.swift */ = {isa = PBXFileReference; fileEncoding = 4; lastKnownFileType = sourcecode.swift; path = Emergency.swift; sourceTree = "<group>"; };
		5FC754BA243A7BE000647C31 /* EmergencyList.swift */ = {isa = PBXFileReference; lastKnownFileType = sourcecode.swift; path = EmergencyList.swift; sourceTree = "<group>"; };
		5FC754BC243A811F00647C31 /* CircleImage.swift */ = {isa = PBXFileReference; lastKnownFileType = sourcecode.swift; path = CircleImage.swift; sourceTree = "<group>"; };
		7F4D2C7E243AD63A00F05CBF /* TabBarController.swift */ = {isa = PBXFileReference; lastKnownFileType = sourcecode.swift; path = TabBarController.swift; sourceTree = "<group>"; };
		7F4D2C80243ADB5600F05CBF /* ChildHostingController.swift */ = {isa = PBXFileReference; lastKnownFileType = sourcecode.swift; path = ChildHostingController.swift; sourceTree = "<group>"; };
		7F4D2C82243AE29C00F05CBF /* baseline_chat_black_18dp.png */ = {isa = PBXFileReference; lastKnownFileType = image.png; name = baseline_chat_black_18dp.png; path = "../../../../../../../Downloads/chat-black-18dp/2x/baseline_chat_black_18dp.png"; sourceTree = "<group>"; };
		5FC754BE243ACA6300647C31 /* Home.swift */ = {isa = PBXFileReference; lastKnownFileType = sourcecode.swift; path = Home.swift; sourceTree = "<group>"; };
		5FC754C0243AD8C700647C31 /* CategoryRow.swift */ = {isa = PBXFileReference; lastKnownFileType = sourcecode.swift; path = CategoryRow.swift; sourceTree = "<group>"; };
		5FC754C2243B915900647C31 /* ActionList.swift */ = {isa = PBXFileReference; lastKnownFileType = sourcecode.swift; path = ActionList.swift; sourceTree = "<group>"; };
		5FC754C4243B926900647C31 /* ActionDetail.swift */ = {isa = PBXFileReference; lastKnownFileType = sourcecode.swift; path = ActionDetail.swift; sourceTree = "<group>"; };
		5FC754C6243B927B00647C31 /* ActionRow.swift */ = {isa = PBXFileReference; lastKnownFileType = sourcecode.swift; path = ActionRow.swift; sourceTree = "<group>"; };
		5FC754C8243BB56300647C31 /* ActionHeaderImage.swift */ = {isa = PBXFileReference; lastKnownFileType = sourcecode.swift; path = ActionHeaderImage.swift; sourceTree = "<group>"; };
		7F5794B5241CD0D000BCD5CE /* Chat.storyboard */ = {isa = PBXFileReference; lastKnownFileType = file.storyboard; path = Chat.storyboard; sourceTree = "<group>"; };
		7FCEFE17241DA6EE00011F37 /* ChatRoomViewController.swift */ = {isa = PBXFileReference; lastKnownFileType = sourcecode.swift; path = ChatRoomViewController.swift; sourceTree = "<group>"; };
		7FCEFE19241DAECA00011F37 /* PreChatViewController.swift */ = {isa = PBXFileReference; lastKnownFileType = sourcecode.swift; path = PreChatViewController.swift; sourceTree = "<group>"; };
		7FE163282415F9E400D1323A /* Beacon.app */ = {isa = PBXFileReference; explicitFileType = wrapper.application; includeInIndex = 0; path = Beacon.app; sourceTree = BUILT_PRODUCTS_DIR; };
		7FE1632B2415F9E400D1323A /* AppDelegate.swift */ = {isa = PBXFileReference; lastKnownFileType = sourcecode.swift; path = AppDelegate.swift; sourceTree = "<group>"; };
		7FE1632D2415F9E400D1323A /* SceneDelegate.swift */ = {isa = PBXFileReference; lastKnownFileType = sourcecode.swift; path = SceneDelegate.swift; sourceTree = "<group>"; };
		7FE1632F2415F9E400D1323A /* ViewController.swift */ = {isa = PBXFileReference; lastKnownFileType = sourcecode.swift; path = ViewController.swift; sourceTree = "<group>"; };
		7FE163322415F9E400D1323A /* Base */ = {isa = PBXFileReference; lastKnownFileType = file.storyboard; name = Base; path = Base.lproj/Main.storyboard; sourceTree = "<group>"; };
		7FE163342415F9E500D1323A /* Assets.xcassets */ = {isa = PBXFileReference; lastKnownFileType = folder.assetcatalog; path = Assets.xcassets; sourceTree = "<group>"; };
		7FE163372415F9E500D1323A /* Base */ = {isa = PBXFileReference; lastKnownFileType = file.storyboard; name = Base; path = Base.lproj/LaunchScreen.storyboard; sourceTree = "<group>"; };
		7FE163392415F9E500D1323A /* Info.plist */ = {isa = PBXFileReference; lastKnownFileType = text.plist.xml; path = Info.plist; sourceTree = "<group>"; };
		99C0D60A49B69D76A584853F /* Pods-Beacon.debug.xcconfig */ = {isa = PBXFileReference; includeInIndex = 1; lastKnownFileType = text.xcconfig; name = "Pods-Beacon.debug.xcconfig"; path = "Target Support Files/Pods-Beacon/Pods-Beacon.debug.xcconfig"; sourceTree = "<group>"; };
		CDA6F25B9AC4619E1637AC16 /* libPods-Beacon.a */ = {isa = PBXFileReference; explicitFileType = archive.ar; includeInIndex = 0; path = "libPods-Beacon.a"; sourceTree = BUILT_PRODUCTS_DIR; };
/* End PBXFileReference section */

/* Begin PBXFrameworksBuildPhase section */
		7FE163252415F9E400D1323A /* Frameworks */ = {
			isa = PBXFrameworksBuildPhase;
			buildActionMask = 2147483647;
			files = (
				80AB99D0B8BA466623F10233 /* libPods-Beacon.a in Frameworks */,
			);
			runOnlyForDeploymentPostprocessing = 0;
		};
/* End PBXFrameworksBuildPhase section */

/* Begin PBXGroup section */
		1EA0C2B36CBA4E40DC1BBAB8 /* Frameworks */ = {
			isa = PBXGroup;
			children = (
				CDA6F25B9AC4619E1637AC16 /* libPods-Beacon.a */,
			);
			name = Frameworks;
			sourceTree = "<group>";
		};
		5FC7548A243A6DE900647C31 /* LICENSE */ = {
			isa = PBXGroup;
			children = (
				5FC7548B243A6DE900647C31 /* LICENSE.txt */,
			);
			path = LICENSE;
			sourceTree = "<group>";
		};
		5FC75491243A70B400647C31 /* Supporting Views */ = {
			isa = PBXGroup;
			children = (
				5FC75492243A70B400647C31 /* QuakeImage.swift */,
				5FC75493243A70B400647C31 /* MapView.swift */,
				5FC754BC243A811F00647C31 /* CircleImage.swift */,
				5FC754C8243BB56300647C31 /* ActionHeaderImage.swift */,
			);
			path = "Supporting Views";
			sourceTree = "<group>";
		};
		5FC75498243A723F00647C31 /* Resources */ = {
			isa = PBXGroup;
			children = (
				7F4D2C82243AE29C00F05CBF /* baseline_chat_black_18dp.png */,
				5FC754B3243A72A600647C31 /* emergMenuData.json */,
				5FC75499243A723F00647C31 /* quakeBanner.jpg */,
				5FC7549A243A723F00647C31 /* earthquakeGraphic.jpg */,
				5FC7549B243A723F00647C31 /* download.jpg */,
				5FC7549C243A723F00647C31 /* mammamia.jpeg */,
				5FC7549D243A723F00647C31 /* EastVan.jpeg */,
				5FC7549E243A723F00647C31 /* earthquakeIcon.png */,
				5FC7549F243A723F00647C31 /* wildfire.jpg */,
				5FC754A0243A723F00647C31 /* unnamed.png */,
				5FC754A1243A723F00647C31 /* covid.jpg */,
				5FC754A2243A723F00647C31 /* flood.jpg */,
				5FC754A3243A723F00647C31 /* download-1.jpg */,
				5FC754A4243A723F00647C31 /* firstaidkit.jpg */,
				5FC754A5243A723F00647C31 /* earthquake.jpg */,
			);
			path = Resources;
			sourceTree = "<group>";
		};
		5FC754B5243A734500647C31 /* Models */ = {
			isa = PBXGroup;
			children = (
				5FC754B6243A734500647C31 /* Data.swift */,
				5FC754B7243A734500647C31 /* Emergency.swift */,
			);
			path = Models;
			sourceTree = "<group>";
		};
		7F5794B4241CD0AF00BCD5CE /* Storyboards */ = {
			isa = PBXGroup;
			children = (
				7FE163362415F9E500D1323A /* LaunchScreen.storyboard */,
				7FE163312415F9E400D1323A /* Main.storyboard */,
				7F5794B5241CD0D000BCD5CE /* Chat.storyboard */,
			);
			path = Storyboards;
			sourceTree = "<group>";
		};
		7FE1631F2415F9E400D1323A = {
			isa = PBXGroup;
			children = (
				7FE1632A2415F9E400D1323A /* Beacon */,
				7FE163292415F9E400D1323A /* Products */,
				CC20C80AC4E4523DC31ED90C /* Pods */,
				1EA0C2B36CBA4E40DC1BBAB8 /* Frameworks */,
				5FC7548A243A6DE900647C31 /* LICENSE */,
			);
			sourceTree = "<group>";
		};
		7FE163292415F9E400D1323A /* Products */ = {
			isa = PBXGroup;
			children = (
				7FE163282415F9E400D1323A /* Beacon.app */,
			);
			name = Products;
			sourceTree = "<group>";
		};
		7FE1632A2415F9E400D1323A /* Beacon */ = {
			isa = PBXGroup;
			children = (
				7F5794B4241CD0AF00BCD5CE /* Storyboards */,
				5FC754B5243A734500647C31 /* Models */,
				7FE1632B2415F9E400D1323A /* AppDelegate.swift */,
				7FE1632D2415F9E400D1323A /* SceneDelegate.swift */,
				5FC754BE243ACA6300647C31 /* Home.swift */,
				5FC7548E243A6F1000647C31 /* EmergUIDetail.swift */,
				5FC75496243A716400647C31 /* EmergencyRow.swift */,
				5FC754C0243AD8C700647C31 /* CategoryRow.swift */,
				5FC754BA243A7BE000647C31 /* EmergencyList.swift */,
				7F4D2C7E243AD63A00F05CBF /* TabBarController.swift */,
				7F4D2C80243ADB5600F05CBF /* ChildHostingController.swift */,
				7FCEFE19241DAECA00011F37 /* PreChatViewController.swift */,
				5FC754C4243B926900647C31 /* ActionDetail.swift */,
				5FC754C6243B927B00647C31 /* ActionRow.swift */,
				5FC754C2243B915900647C31 /* ActionList.swift */,
				5F058F53243C38D8000CEA5B /* EarthquakeMain.swift */,
				5F058F4D243C2847000CEA5B /* EarthquakeDuringActionList.swift */,
				5F058F51243C3731000CEA5B /* EarthquakeBeforeList.swift */,
				5F058F4F243C3239000CEA5B /* EarthquakeAfterList.swift */,
				7FE1632D2415F9E400D1323A /* SceneDelegate.swift */,
				7FE1632F2415F9E400D1323A /* ViewController.swift */,
				7FCEFE17241DA6EE00011F37 /* ChatRoomViewController.swift */,
				7FE1632F2415F9E400D1323A /* ViewController.swift */,
				5FC75491243A70B400647C31 /* Supporting Views */,
				5FC75498243A723F00647C31 /* Resources */,
				7FE163342415F9E500D1323A /* Assets.xcassets */,
				7FE163392415F9E500D1323A /* Info.plist */,
			);
			path = Beacon;
			sourceTree = "<group>";
		};
		CC20C80AC4E4523DC31ED90C /* Pods */ = {
			isa = PBXGroup;
			children = (
				99C0D60A49B69D76A584853F /* Pods-Beacon.debug.xcconfig */,
				4B15D63152E6AD633BD2ABA2 /* Pods-Beacon.release.xcconfig */,
			);
			path = Pods;
			sourceTree = "<group>";
		};
/* End PBXGroup section */

/* Begin PBXNativeTarget section */
		7FE163272415F9E400D1323A /* Beacon */ = {
			isa = PBXNativeTarget;
			buildConfigurationList = 7FE1633C2415F9E500D1323A /* Build configuration list for PBXNativeTarget "Beacon" */;
			buildPhases = (
				6A6EC7B802C5D54E3E1A0C85 /* [CP] Check Pods Manifest.lock */,
				7FE163242415F9E400D1323A /* Sources */,
				7FE163252415F9E400D1323A /* Frameworks */,
				7FE163262415F9E400D1323A /* Resources */,
				99F16702A326EF34B9FB36F1 /* [CP] Copy Pods Resources */,
			);
			buildRules = (
			);
			dependencies = (
			);
			name = Beacon;
			productName = Beacon;
			productReference = 7FE163282415F9E400D1323A /* Beacon.app */;
			productType = "com.apple.product-type.application";
		};
/* End PBXNativeTarget section */

/* Begin PBXProject section */
		7FE163202415F9E400D1323A /* Project object */ = {
			isa = PBXProject;
			attributes = {
				LastSwiftUpdateCheck = 1130;
				LastUpgradeCheck = 1130;
				ORGANIZATIONNAME = "Regina Arcilla";
				TargetAttributes = {
					7FE163272415F9E400D1323A = {
						CreatedOnToolsVersion = 11.3.1;
					};
				};
			};
			buildConfigurationList = 7FE163232415F9E400D1323A /* Build configuration list for PBXProject "Beacon" */;
			compatibilityVersion = "Xcode 9.3";
			developmentRegion = en;
			hasScannedForEncodings = 0;
			knownRegions = (
				en,
				Base,
			);
			mainGroup = 7FE1631F2415F9E400D1323A;
			productRefGroup = 7FE163292415F9E400D1323A /* Products */;
			projectDirPath = "";
			projectRoot = "";
			targets = (
				7FE163272415F9E400D1323A /* Beacon */,
			);
		};
/* End PBXProject section */

/* Begin PBXResourcesBuildPhase section */
		7FE163262415F9E400D1323A /* Resources */ = {
			isa = PBXResourcesBuildPhase;
			buildActionMask = 2147483647;
			files = (
				5FC754B2243A723F00647C31 /* earthquake.jpg in Resources */,
				7FE163382415F9E500D1323A /* LaunchScreen.storyboard in Resources */,
				5FC754B1243A723F00647C31 /* firstaidkit.jpg in Resources */,
				5FC754AC243A723F00647C31 /* wildfire.jpg in Resources */,
				5FC754AD243A723F00647C31 /* unnamed.png in Resources */,
				5FC754B0243A723F00647C31 /* download-1.jpg in Resources */,
				7FE163352415F9E500D1323A /* Assets.xcassets in Resources */,
				7F5794B6241CD0D000BCD5CE /* Chat.storyboard in Resources */,
				5FC754A8243A723F00647C31 /* download.jpg in Resources */,
				5FC754AF243A723F00647C31 /* flood.jpg in Resources */,
				5FC7548C243A6DE900647C31 /* LICENSE.txt in Resources */,
				5FC754A9243A723F00647C31 /* mammamia.jpeg in Resources */,
				5FC754A7243A723F00647C31 /* earthquakeGraphic.jpg in Resources */,
				5FC754B4243A72A600647C31 /* emergMenuData.json in Resources */,
				5FC754AE243A723F00647C31 /* covid.jpg in Resources */,
				7FE163332415F9E400D1323A /* Main.storyboard in Resources */,
				5FC754AA243A723F00647C31 /* EastVan.jpeg in Resources */,
				7F4D2C83243AE29C00F05CBF /* baseline_chat_black_18dp.png in Resources */,
				5FC754AB243A723F00647C31 /* earthquakeIcon.png in Resources */,
				5FC754A6243A723F00647C31 /* quakeBanner.jpg in Resources */,
			);
			runOnlyForDeploymentPostprocessing = 0;
		};
/* End PBXResourcesBuildPhase section */

/* Begin PBXShellScriptBuildPhase section */
		6A6EC7B802C5D54E3E1A0C85 /* [CP] Check Pods Manifest.lock */ = {
			isa = PBXShellScriptBuildPhase;
			buildActionMask = 2147483647;
			files = (
			);
			inputFileListPaths = (
			);
			inputPaths = (
				"${PODS_PODFILE_DIR_PATH}/Podfile.lock",
				"${PODS_ROOT}/Manifest.lock",
			);
			name = "[CP] Check Pods Manifest.lock";
			outputFileListPaths = (
			);
			outputPaths = (
				"$(DERIVED_FILE_DIR)/Pods-Beacon-checkManifestLockResult.txt",
			);
			runOnlyForDeploymentPostprocessing = 0;
			shellPath = /bin/sh;
			shellScript = "diff \"${PODS_PODFILE_DIR_PATH}/Podfile.lock\" \"${PODS_ROOT}/Manifest.lock\" > /dev/null\nif [ $? != 0 ] ; then\n    # print error to STDERR\n    echo \"error: The sandbox is not in sync with the Podfile.lock. Run 'pod install' or update your CocoaPods installation.\" >&2\n    exit 1\nfi\n# This output is used by Xcode 'outputs' to avoid re-running this script phase.\necho \"SUCCESS\" > \"${SCRIPT_OUTPUT_FILE_0}\"\n";
			showEnvVarsInLog = 0;
		};
		99F16702A326EF34B9FB36F1 /* [CP] Copy Pods Resources */ = {
			isa = PBXShellScriptBuildPhase;
			buildActionMask = 2147483647;
			files = (
			);
			inputFileListPaths = (
				"${PODS_ROOT}/Target Support Files/Pods-Beacon/Pods-Beacon-resources-${CONFIGURATION}-input-files.xcfilelist",
			);
			name = "[CP] Copy Pods Resources";
			outputFileListPaths = (
				"${PODS_ROOT}/Target Support Files/Pods-Beacon/Pods-Beacon-resources-${CONFIGURATION}-output-files.xcfilelist",
			);
			runOnlyForDeploymentPostprocessing = 0;
			shellPath = /bin/sh;
			shellScript = "\"${PODS_ROOT}/Target Support Files/Pods-Beacon/Pods-Beacon-resources.sh\"\n";
			showEnvVarsInLog = 0;
		};
/* End PBXShellScriptBuildPhase section */

/* Begin PBXSourcesBuildPhase section */
		7FE163242415F9E400D1323A /* Sources */ = {
			isa = PBXSourcesBuildPhase;
			buildActionMask = 2147483647;
			files = (
				7F4D2C81243ADB5600F05CBF /* ChildHostingController.swift in Sources */,
				7FE163302415F9E400D1323A /* ViewController.swift in Sources */,
				5FC754B8243A734500647C31 /* Data.swift in Sources */,
				7FE1632C2415F9E400D1323A /* AppDelegate.swift in Sources */,
				7FCEFE1A241DAECA00011F37 /* PreChatViewController.swift in Sources */,
				5FC754BD243A811F00647C31 /* CircleImage.swift in Sources */,
				5FC754C3243B915A00647C31 /* ActionList.swift in Sources */,
				5FC75490243A6F1000647C31 /* EmergUIDetail.swift in Sources */,
				5FC754BF243ACA6300647C31 /* Home.swift in Sources */,
				5FC754C1243AD8C700647C31 /* CategoryRow.swift in Sources */,
				5F058F52243C3731000CEA5B /* EarthquakeBeforeList.swift in Sources */,
				5F058F54243C38D8000CEA5B /* EarthquakeMain.swift in Sources */,
				5FC754BB243A7BE000647C31 /* EmergencyList.swift in Sources */,
				5FC754C7243B927B00647C31 /* ActionRow.swift in Sources */,
				5FC754B9243A734500647C31 /* Emergency.swift in Sources */,
				5FC754C9243BB56300647C31 /* ActionHeaderImage.swift in Sources */,
				5FC75494243A70B400647C31 /* QuakeImage.swift in Sources */,
				5F058F4E243C2847000CEA5B /* EarthquakeDuringActionList.swift in Sources */,
				7FE1632E2415F9E400D1323A /* SceneDelegate.swift in Sources */,
				5FC754C5243B926900647C31 /* ActionDetail.swift in Sources */,
				5FC75495243A70B400647C31 /* MapView.swift in Sources */,
				7F4D2C7F243AD63A00F05CBF /* TabBarController.swift in Sources */,
				7FCEFE18241DA6EE00011F37 /* ChatRoomViewController.swift in Sources */,
				5F058F50243C3239000CEA5B /* EarthquakeAfterList.swift in Sources */,
				5FC75497243A716400647C31 /* EmergencyRow.swift in Sources */,
			);
			runOnlyForDeploymentPostprocessing = 0;
		};
/* End PBXSourcesBuildPhase section */

/* Begin PBXVariantGroup section */
		7FE163312415F9E400D1323A /* Main.storyboard */ = {
			isa = PBXVariantGroup;
			children = (
				7FE163322415F9E400D1323A /* Base */,
			);
			name = Main.storyboard;
			sourceTree = "<group>";
		};
		7FE163362415F9E500D1323A /* LaunchScreen.storyboard */ = {
			isa = PBXVariantGroup;
			children = (
				7FE163372415F9E500D1323A /* Base */,
			);
			name = LaunchScreen.storyboard;
			sourceTree = "<group>";
		};
/* End PBXVariantGroup section */

/* Begin XCBuildConfiguration section */
		7FE1633A2415F9E500D1323A /* Debug */ = {
			isa = XCBuildConfiguration;
			buildSettings = {
				ALWAYS_SEARCH_USER_PATHS = NO;
				CLANG_ANALYZER_NONNULL = YES;
				CLANG_ANALYZER_NUMBER_OBJECT_CONVERSION = YES_AGGRESSIVE;
				CLANG_CXX_LANGUAGE_STANDARD = "gnu++14";
				CLANG_CXX_LIBRARY = "libc++";
				CLANG_ENABLE_MODULES = YES;
				CLANG_ENABLE_OBJC_ARC = YES;
				CLANG_ENABLE_OBJC_WEAK = YES;
				CLANG_WARN_BLOCK_CAPTURE_AUTORELEASING = YES;
				CLANG_WARN_BOOL_CONVERSION = YES;
				CLANG_WARN_COMMA = YES;
				CLANG_WARN_CONSTANT_CONVERSION = YES;
				CLANG_WARN_DEPRECATED_OBJC_IMPLEMENTATIONS = YES;
				CLANG_WARN_DIRECT_OBJC_ISA_USAGE = YES_ERROR;
				CLANG_WARN_DOCUMENTATION_COMMENTS = YES;
				CLANG_WARN_EMPTY_BODY = YES;
				CLANG_WARN_ENUM_CONVERSION = YES;
				CLANG_WARN_INFINITE_RECURSION = YES;
				CLANG_WARN_INT_CONVERSION = YES;
				CLANG_WARN_NON_LITERAL_NULL_CONVERSION = YES;
				CLANG_WARN_OBJC_IMPLICIT_RETAIN_SELF = YES;
				CLANG_WARN_OBJC_LITERAL_CONVERSION = YES;
				CLANG_WARN_OBJC_ROOT_CLASS = YES_ERROR;
				CLANG_WARN_RANGE_LOOP_ANALYSIS = YES;
				CLANG_WARN_STRICT_PROTOTYPES = YES;
				CLANG_WARN_SUSPICIOUS_MOVE = YES;
				CLANG_WARN_UNGUARDED_AVAILABILITY = YES_AGGRESSIVE;
				CLANG_WARN_UNREACHABLE_CODE = YES;
				CLANG_WARN__DUPLICATE_METHOD_MATCH = YES;
				COPY_PHASE_STRIP = NO;
				DEBUG_INFORMATION_FORMAT = dwarf;
				ENABLE_STRICT_OBJC_MSGSEND = YES;
				ENABLE_TESTABILITY = YES;
				GCC_C_LANGUAGE_STANDARD = gnu11;
				GCC_DYNAMIC_NO_PIC = NO;
				GCC_NO_COMMON_BLOCKS = YES;
				GCC_OPTIMIZATION_LEVEL = 0;
				GCC_PREPROCESSOR_DEFINITIONS = (
					"DEBUG=1",
					"$(inherited)",
				);
				GCC_WARN_64_TO_32_BIT_CONVERSION = YES;
				GCC_WARN_ABOUT_RETURN_TYPE = YES_ERROR;
				GCC_WARN_UNDECLARED_SELECTOR = YES;
				GCC_WARN_UNINITIALIZED_AUTOS = YES_AGGRESSIVE;
				GCC_WARN_UNUSED_FUNCTION = YES;
				GCC_WARN_UNUSED_VARIABLE = YES;
				IPHONEOS_DEPLOYMENT_TARGET = 13.2;
				MTL_ENABLE_DEBUG_INFO = INCLUDE_SOURCE;
				MTL_FAST_MATH = YES;
				ONLY_ACTIVE_ARCH = YES;
				SDKROOT = iphoneos;
				SWIFT_ACTIVE_COMPILATION_CONDITIONS = DEBUG;
				SWIFT_OPTIMIZATION_LEVEL = "-Onone";
			};
			name = Debug;
		};
		7FE1633B2415F9E500D1323A /* Release */ = {
			isa = XCBuildConfiguration;
			buildSettings = {
				ALWAYS_SEARCH_USER_PATHS = NO;
				CLANG_ANALYZER_NONNULL = YES;
				CLANG_ANALYZER_NUMBER_OBJECT_CONVERSION = YES_AGGRESSIVE;
				CLANG_CXX_LANGUAGE_STANDARD = "gnu++14";
				CLANG_CXX_LIBRARY = "libc++";
				CLANG_ENABLE_MODULES = YES;
				CLANG_ENABLE_OBJC_ARC = YES;
				CLANG_ENABLE_OBJC_WEAK = YES;
				CLANG_WARN_BLOCK_CAPTURE_AUTORELEASING = YES;
				CLANG_WARN_BOOL_CONVERSION = YES;
				CLANG_WARN_COMMA = YES;
				CLANG_WARN_CONSTANT_CONVERSION = YES;
				CLANG_WARN_DEPRECATED_OBJC_IMPLEMENTATIONS = YES;
				CLANG_WARN_DIRECT_OBJC_ISA_USAGE = YES_ERROR;
				CLANG_WARN_DOCUMENTATION_COMMENTS = YES;
				CLANG_WARN_EMPTY_BODY = YES;
				CLANG_WARN_ENUM_CONVERSION = YES;
				CLANG_WARN_INFINITE_RECURSION = YES;
				CLANG_WARN_INT_CONVERSION = YES;
				CLANG_WARN_NON_LITERAL_NULL_CONVERSION = YES;
				CLANG_WARN_OBJC_IMPLICIT_RETAIN_SELF = YES;
				CLANG_WARN_OBJC_LITERAL_CONVERSION = YES;
				CLANG_WARN_OBJC_ROOT_CLASS = YES_ERROR;
				CLANG_WARN_RANGE_LOOP_ANALYSIS = YES;
				CLANG_WARN_STRICT_PROTOTYPES = YES;
				CLANG_WARN_SUSPICIOUS_MOVE = YES;
				CLANG_WARN_UNGUARDED_AVAILABILITY = YES_AGGRESSIVE;
				CLANG_WARN_UNREACHABLE_CODE = YES;
				CLANG_WARN__DUPLICATE_METHOD_MATCH = YES;
				COPY_PHASE_STRIP = NO;
				DEBUG_INFORMATION_FORMAT = "dwarf-with-dsym";
				ENABLE_NS_ASSERTIONS = NO;
				ENABLE_STRICT_OBJC_MSGSEND = YES;
				GCC_C_LANGUAGE_STANDARD = gnu11;
				GCC_NO_COMMON_BLOCKS = YES;
				GCC_WARN_64_TO_32_BIT_CONVERSION = YES;
				GCC_WARN_ABOUT_RETURN_TYPE = YES_ERROR;
				GCC_WARN_UNDECLARED_SELECTOR = YES;
				GCC_WARN_UNINITIALIZED_AUTOS = YES_AGGRESSIVE;
				GCC_WARN_UNUSED_FUNCTION = YES;
				GCC_WARN_UNUSED_VARIABLE = YES;
				IPHONEOS_DEPLOYMENT_TARGET = 13.2;
				MTL_ENABLE_DEBUG_INFO = NO;
				MTL_FAST_MATH = YES;
				SDKROOT = iphoneos;
				SWIFT_COMPILATION_MODE = wholemodule;
				SWIFT_OPTIMIZATION_LEVEL = "-O";
				VALIDATE_PRODUCT = YES;
			};
			name = Release;
		};
		7FE1633D2415F9E500D1323A /* Debug */ = {
			isa = XCBuildConfiguration;
			baseConfigurationReference = 99C0D60A49B69D76A584853F /* Pods-Beacon.debug.xcconfig */;
			buildSettings = {
				ASSETCATALOG_COMPILER_APPICON_NAME = AppIcon;
				CODE_SIGN_STYLE = Automatic;
				DEVELOPMENT_TEAM = 5SBU4WGY5P;
				INFOPLIST_FILE = Beacon/Info.plist;
				LD_RUNPATH_SEARCH_PATHS = (
					"$(inherited)",
					"@executable_path/Frameworks",
				);
				PRODUCT_BUNDLE_IDENTIFIER = reginaarcilla.Beacon;
				PRODUCT_NAME = "$(TARGET_NAME)";
				SWIFT_VERSION = 5.0;
				TARGETED_DEVICE_FAMILY = "1,2";
			};
			name = Debug;
		};
		7FE1633E2415F9E500D1323A /* Release */ = {
			isa = XCBuildConfiguration;
			baseConfigurationReference = 4B15D63152E6AD633BD2ABA2 /* Pods-Beacon.release.xcconfig */;
			buildSettings = {
				ASSETCATALOG_COMPILER_APPICON_NAME = AppIcon;
				CODE_SIGN_STYLE = Automatic;
				DEVELOPMENT_TEAM = 5SBU4WGY5P;
				INFOPLIST_FILE = Beacon/Info.plist;
				LD_RUNPATH_SEARCH_PATHS = (
					"$(inherited)",
					"@executable_path/Frameworks",
				);
				PRODUCT_BUNDLE_IDENTIFIER = reginaarcilla.Beacon;
				PRODUCT_NAME = "$(TARGET_NAME)";
				SWIFT_VERSION = 5.0;
				TARGETED_DEVICE_FAMILY = "1,2";
			};
			name = Release;
		};
/* End XCBuildConfiguration section */

/* Begin XCConfigurationList section */
		7FE163232415F9E400D1323A /* Build configuration list for PBXProject "Beacon" */ = {
			isa = XCConfigurationList;
			buildConfigurations = (
				7FE1633A2415F9E500D1323A /* Debug */,
				7FE1633B2415F9E500D1323A /* Release */,
			);
			defaultConfigurationIsVisible = 0;
			defaultConfigurationName = Release;
		};
		7FE1633C2415F9E500D1323A /* Build configuration list for PBXNativeTarget "Beacon" */ = {
			isa = XCConfigurationList;
			buildConfigurations = (
				7FE1633D2415F9E500D1323A /* Debug */,
				7FE1633E2415F9E500D1323A /* Release */,
			);
			defaultConfigurationIsVisible = 0;
			defaultConfigurationName = Release;
		};
/* End XCConfigurationList section */
	};
	rootObject = 7FE163202415F9E400D1323A /* Project object */;
}
